
Microsoft Visual Studio Solution File, Format Version 12.00
# Visual Studio 14
VisualStudioVersion = 14.0.24720.0
MinimumVisualStudioVersion = 10.0.40219.1
Project("{FAE04EC0-301F-11D3-BF4B-00C04F79EFBC}") = "Task01-01", "Task01-01\Task01-01.csproj", "{44D012CB-DF94-4084-B53F-BF6021457EB9}"
EndProject
Project("{FAE04EC0-301F-11D3-BF4B-00C04F79EFBC}") = "Task01-02", "Task01-02\Task01-02.csproj", "{DAB64EEF-157A-430F-8751-116BE8DF741B}"
EndProject
Project("{FAE04EC0-301F-11D3-BF4B-00C04F79EFBC}") = "Task01-03", "Task01-03\Task01-03.csproj", "{FBC49C1F-42FC-418E-B53F-7362EBCCA185}"
EndProject
Project("{FAE04EC0-301F-11D3-BF4B-00C04F79EFBC}") = "Task01-04", "Task01-04\Task01-04.csproj", "{ACFC7C12-6DE2-4853-A113-FCF1DADD80C4}"
EndProject
Project("{FAE04EC0-301F-11D3-BF4B-00C04F79EFBC}") = "Task01-05", "Task01-05\Task01-05.csproj", "{57B65124-A558-42D9-88D0-AF8A19EB796F}"
EndProject
Project("{FAE04EC0-301F-11D3-BF4B-00C04F79EFBC}") = "Task01-06", "Task01-06\Task01-06.csproj", "{C7F3D3A7-1873-46CA-9A88-A8F56F3DD1F0}"
EndProject
Project("{FAE04EC0-301F-11D3-BF4B-00C04F79EFBC}") = "Task01-07", "Task01-07\Task01-07.csproj", "{E6077FF0-978E-4818-80BC-3AC2137150C1}"
EndProject
Project("{FAE04EC0-301F-11D3-BF4B-00C04F79EFBC}") = "Task01-08", "Task01-08\Task01-08.csproj", "{8A0FC69A-6159-4DC4-97D3-D6D581BBD29F}"
EndProject
Project("{FAE04EC0-301F-11D3-BF4B-00C04F79EFBC}") = "Task01-09", "Task01-09\Task01-09.csproj", "{82A7E62F-003D-4BF6-9C53-97CFE2D2CB23}"
EndProject
Global
	GlobalSection(SolutionConfigurationPlatforms) = preSolution
		Debug|Any CPU = Debug|Any CPU
		Release|Any CPU = Release|Any CPU
	EndGlobalSection
	GlobalSection(ProjectConfigurationPlatforms) = postSolution
		{44D012CB-DF94-4084-B53F-BF6021457EB9}.Debug|Any CPU.ActiveCfg = Debug|Any CPU
		{44D012CB-DF94-4084-B53F-BF6021457EB9}.Debug|Any CPU.Build.0 = Debug|Any CPU
		{44D012CB-DF94-4084-B53F-BF6021457EB9}.Release|Any CPU.ActiveCfg = Release|Any CPU
		{44D012CB-DF94-4084-B53F-BF6021457EB9}.Release|Any CPU.Build.0 = Release|Any CPU
		{DAB64EEF-157A-430F-8751-116BE8DF741B}.Debug|Any CPU.ActiveCfg = Debug|Any CPU
		{DAB64EEF-157A-430F-8751-116BE8DF741B}.Debug|Any CPU.Build.0 = Debug|Any CPU
		{DAB64EEF-157A-430F-8751-116BE8DF741B}.Release|Any CPU.ActiveCfg = Release|Any CPU
		{DAB64EEF-157A-430F-8751-116BE8DF741B}.Release|Any CPU.Build.0 = Release|Any CPU
		{FBC49C1F-42FC-418E-B53F-7362EBCCA185}.Debug|Any CPU.ActiveCfg = Debug|Any CPU
		{FBC49C1F-42FC-418E-B53F-7362EBCCA185}.Debug|Any CPU.Build.0 = Debug|Any CPU
		{FBC49C1F-42FC-418E-B53F-7362EBCCA185}.Release|Any CPU.ActiveCfg = Release|Any CPU
		{FBC49C1F-42FC-418E-B53F-7362EBCCA185}.Release|Any CPU.Build.0 = Release|Any CPU
		{ACFC7C12-6DE2-4853-A113-FCF1DADD80C4}.Debug|Any CPU.ActiveCfg = Debug|Any CPU
		{ACFC7C12-6DE2-4853-A113-FCF1DADD80C4}.Debug|Any CPU.Build.0 = Debug|Any CPU
		{ACFC7C12-6DE2-4853-A113-FCF1DADD80C4}.Release|Any CPU.ActiveCfg = Release|Any CPU
		{ACFC7C12-6DE2-4853-A113-FCF1DADD80C4}.Release|Any CPU.Build.0 = Release|Any CPU
		{57B65124-A558-42D9-88D0-AF8A19EB796F}.Debug|Any CPU.ActiveCfg = Debug|Any CPU
		{57B65124-A558-42D9-88D0-AF8A19EB796F}.Debug|Any CPU.Build.0 = Debug|Any CPU
		{57B65124-A558-42D9-88D0-AF8A19EB796F}.Release|Any CPU.ActiveCfg = Release|Any CPU
		{57B65124-A558-42D9-88D0-AF8A19EB796F}.Release|Any CPU.Build.0 = Release|Any CPU
		{C7F3D3A7-1873-46CA-9A88-A8F56F3DD1F0}.Debug|Any CPU.ActiveCfg = Debug|Any CPU
		{C7F3D3A7-1873-46CA-9A88-A8F56F3DD1F0}.Debug|Any CPU.Build.0 = Debug|Any CPU
		{C7F3D3A7-1873-46CA-9A88-A8F56F3DD1F0}.Release|Any CPU.ActiveCfg = Release|Any CPU
		{C7F3D3A7-1873-46CA-9A88-A8F56F3DD1F0}.Release|Any CPU.Build.0 = Release|Any CPU
		{E6077FF0-978E-4818-80BC-3AC2137150C1}.Debug|Any CPU.ActiveCfg = Debug|Any CPU
		{E6077FF0-978E-4818-80BC-3AC2137150C1}.Debug|Any CPU.Build.0 = Debug|Any CPU
		{E6077FF0-978E-4818-80BC-3AC2137150C1}.Release|Any CPU.ActiveCfg = Release|Any CPU
		{E6077FF0-978E-4818-80BC-3AC2137150C1}.Release|Any CPU.Build.0 = Release|Any CPU
		{8A0FC69A-6159-4DC4-97D3-D6D581BBD29F}.Debug|Any CPU.ActiveCfg = Debug|Any CPU
		{8A0FC69A-6159-4DC4-97D3-D6D581BBD29F}.Debug|Any CPU.Build.0 = Debug|Any CPU
		{8A0FC69A-6159-4DC4-97D3-D6D581BBD29F}.Release|Any CPU.ActiveCfg = Release|Any CPU
		{8A0FC69A-6159-4DC4-97D3-D6D581BBD29F}.Release|Any CPU.Build.0 = Release|Any CPU
		{82A7E62F-003D-4BF6-9C53-97CFE2D2CB23}.Debug|Any CPU.ActiveCfg = Debug|Any CPU
		{82A7E62F-003D-4BF6-9C53-97CFE2D2CB23}.Debug|Any CPU.Build.0 = Debug|Any CPU
		{82A7E62F-003D-4BF6-9C53-97CFE2D2CB23}.Release|Any CPU.ActiveCfg = Release|Any CPU
		{82A7E62F-003D-4BF6-9C53-97CFE2D2CB23}.Release|Any CPU.Build.0 = Release|Any CPU
	EndGlobalSection
	GlobalSection(SolutionProperties) = preSolution
		HideSolutionNode = FALSE
	EndGlobalSection
EndGlobal
