
Microsoft Visual Studio Solution File, Format Version 12.00
# Visual Studio 15
VisualStudioVersion = 15.0.26228.4
MinimumVisualStudioVersion = 10.0.40219.1
Project("{FAE04EC0-301F-11D3-BF4B-00C04F79EFBC}") = "Task02-01", "Task02-01\Task02-01.csproj", "{49766838-D025-41DF-9471-83DA674AE305}"
EndProject
Project("{FAE04EC0-301F-11D3-BF4B-00C04F79EFBC}") = "Task02-02", "Task02-02\Task02-02.csproj", "{F1EA5BC1-1528-4033-B8DE-D95B60538A60}"
EndProject
Project("{FAE04EC0-301F-11D3-BF4B-00C04F79EFBC}") = "Task02-03", "Task02-03\Task02-03.csproj", "{67D3E6F1-0A89-4DFD-A244-B24A996D44AB}"
EndProject
Project("{FAE04EC0-301F-11D3-BF4B-00C04F79EFBC}") = "Task02-04", "Task02-04\Task02-04.csproj", "{5F6D6728-DB3D-4AA3-812B-6F62FC6E3019}"
EndProject
Project("{FAE04EC0-301F-11D3-BF4B-00C04F79EFBC}") = "Task02-05", "Task02-05\Task02-05.csproj", "{BC306B8A-504A-4A9B-9C12-F8908519F11A}"
EndProject
Project("{FAE04EC0-301F-11D3-BF4B-00C04F79EFBC}") = "Task02-06", "Task02-06\Task02-06.csproj", "{CE4E866A-EEDC-49ED-A48F-A835EEFD16E5}"
EndProject
Project("{FAE04EC0-301F-11D3-BF4B-00C04F79EFBC}") = "FigureLibrary", "FigureLibrary\FigureLibrary.csproj", "{67B75095-75A5-4132-B43A-3BEB1393BFC9}"
EndProject
Project("{FAE04EC0-301F-11D3-BF4B-00C04F79EFBC}") = "Task02-07", "Task02-07\Task02-07.csproj", "{3AEE9E91-8A38-4084-8FDE-48DA72F638C9}"
EndProject
Global
	GlobalSection(SolutionConfigurationPlatforms) = preSolution
		Debug|Any CPU = Debug|Any CPU
		Release|Any CPU = Release|Any CPU
	EndGlobalSection
	GlobalSection(ProjectConfigurationPlatforms) = postSolution
		{49766838-D025-41DF-9471-83DA674AE305}.Debug|Any CPU.ActiveCfg = Debug|Any CPU
		{49766838-D025-41DF-9471-83DA674AE305}.Debug|Any CPU.Build.0 = Debug|Any CPU
		{49766838-D025-41DF-9471-83DA674AE305}.Release|Any CPU.ActiveCfg = Release|Any CPU
		{49766838-D025-41DF-9471-83DA674AE305}.Release|Any CPU.Build.0 = Release|Any CPU
		{F1EA5BC1-1528-4033-B8DE-D95B60538A60}.Debug|Any CPU.ActiveCfg = Debug|Any CPU
		{F1EA5BC1-1528-4033-B8DE-D95B60538A60}.Debug|Any CPU.Build.0 = Debug|Any CPU
		{F1EA5BC1-1528-4033-B8DE-D95B60538A60}.Release|Any CPU.ActiveCfg = Release|Any CPU
		{F1EA5BC1-1528-4033-B8DE-D95B60538A60}.Release|Any CPU.Build.0 = Release|Any CPU
		{67D3E6F1-0A89-4DFD-A244-B24A996D44AB}.Debug|Any CPU.ActiveCfg = Debug|Any CPU
		{67D3E6F1-0A89-4DFD-A244-B24A996D44AB}.Debug|Any CPU.Build.0 = Debug|Any CPU
		{67D3E6F1-0A89-4DFD-A244-B24A996D44AB}.Release|Any CPU.ActiveCfg = Release|Any CPU
		{67D3E6F1-0A89-4DFD-A244-B24A996D44AB}.Release|Any CPU.Build.0 = Release|Any CPU
		{5F6D6728-DB3D-4AA3-812B-6F62FC6E3019}.Debug|Any CPU.ActiveCfg = Debug|Any CPU
		{5F6D6728-DB3D-4AA3-812B-6F62FC6E3019}.Debug|Any CPU.Build.0 = Debug|Any CPU
		{5F6D6728-DB3D-4AA3-812B-6F62FC6E3019}.Release|Any CPU.ActiveCfg = Release|Any CPU
		{5F6D6728-DB3D-4AA3-812B-6F62FC6E3019}.Release|Any CPU.Build.0 = Release|Any CPU
		{BC306B8A-504A-4A9B-9C12-F8908519F11A}.Debug|Any CPU.ActiveCfg = Debug|Any CPU
		{BC306B8A-504A-4A9B-9C12-F8908519F11A}.Debug|Any CPU.Build.0 = Debug|Any CPU
		{BC306B8A-504A-4A9B-9C12-F8908519F11A}.Release|Any CPU.ActiveCfg = Release|Any CPU
		{BC306B8A-504A-4A9B-9C12-F8908519F11A}.Release|Any CPU.Build.0 = Release|Any CPU
		{CE4E866A-EEDC-49ED-A48F-A835EEFD16E5}.Debug|Any CPU.ActiveCfg = Debug|Any CPU
		{CE4E866A-EEDC-49ED-A48F-A835EEFD16E5}.Debug|Any CPU.Build.0 = Debug|Any CPU
		{CE4E866A-EEDC-49ED-A48F-A835EEFD16E5}.Release|Any CPU.ActiveCfg = Release|Any CPU
		{CE4E866A-EEDC-49ED-A48F-A835EEFD16E5}.Release|Any CPU.Build.0 = Release|Any CPU
		{67B75095-75A5-4132-B43A-3BEB1393BFC9}.Debug|Any CPU.ActiveCfg = Debug|Any CPU
		{67B75095-75A5-4132-B43A-3BEB1393BFC9}.Debug|Any CPU.Build.0 = Debug|Any CPU
		{67B75095-75A5-4132-B43A-3BEB1393BFC9}.Release|Any CPU.ActiveCfg = Release|Any CPU
		{67B75095-75A5-4132-B43A-3BEB1393BFC9}.Release|Any CPU.Build.0 = Release|Any CPU
		{3AEE9E91-8A38-4084-8FDE-48DA72F638C9}.Debug|Any CPU.ActiveCfg = Debug|Any CPU
		{3AEE9E91-8A38-4084-8FDE-48DA72F638C9}.Debug|Any CPU.Build.0 = Debug|Any CPU
		{3AEE9E91-8A38-4084-8FDE-48DA72F638C9}.Release|Any CPU.ActiveCfg = Release|Any CPU
		{3AEE9E91-8A38-4084-8FDE-48DA72F638C9}.Release|Any CPU.Build.0 = Release|Any CPU
	EndGlobalSection
	GlobalSection(SolutionProperties) = preSolution
		HideSolutionNode = FALSE
	EndGlobalSection
EndGlobal
