
Microsoft Visual Studio Solution File, Format Version 12.00
# Visual Studio 15
VisualStudioVersion = 15.0.26228.4
MinimumVisualStudioVersion = 10.0.40219.1
Project("{FAE04EC0-301F-11D3-BF4B-00C04F79EFBC}") = "Task02-01", "Task02-01\Task02-01.csproj", "{49766838-D025-41DF-9471-83DA674AE305}"
EndProject
Project("{FAE04EC0-301F-11D3-BF4B-00C04F79EFBC}") = "Task02-02", "Task02-02\Task02-02.csproj", "{F1EA5BC1-1528-4033-B8DE-D95B60538A60}"
EndProject
Project("{FAE04EC0-301F-11D3-BF4B-00C04F79EFBC}") = "Task02-03", "Task02-03\Task02-03.csproj", "{67D3E6F1-0A89-4DFD-A244-B24A996D44AB}"
EndProject
Global
	GlobalSection(SolutionConfigurationPlatforms) = preSolution
		Debug|Any CPU = Debug|Any CPU
		Release|Any CPU = Release|Any CPU
	EndGlobalSection
	GlobalSection(ProjectConfigurationPlatforms) = postSolution
		{49766838-D025-41DF-9471-83DA674AE305}.Debug|Any CPU.ActiveCfg = Debug|Any CPU
		{49766838-D025-41DF-9471-83DA674AE305}.Debug|Any CPU.Build.0 = Debug|Any CPU
		{49766838-D025-41DF-9471-83DA674AE305}.Release|Any CPU.ActiveCfg = Release|Any CPU
		{49766838-D025-41DF-9471-83DA674AE305}.Release|Any CPU.Build.0 = Release|Any CPU
		{F1EA5BC1-1528-4033-B8DE-D95B60538A60}.Debug|Any CPU.ActiveCfg = Debug|Any CPU
		{F1EA5BC1-1528-4033-B8DE-D95B60538A60}.Debug|Any CPU.Build.0 = Debug|Any CPU
		{F1EA5BC1-1528-4033-B8DE-D95B60538A60}.Release|Any CPU.ActiveCfg = Release|Any CPU
		{F1EA5BC1-1528-4033-B8DE-D95B60538A60}.Release|Any CPU.Build.0 = Release|Any CPU
		{67D3E6F1-0A89-4DFD-A244-B24A996D44AB}.Debug|Any CPU.ActiveCfg = Debug|Any CPU
		{67D3E6F1-0A89-4DFD-A244-B24A996D44AB}.Debug|Any CPU.Build.0 = Debug|Any CPU
		{67D3E6F1-0A89-4DFD-A244-B24A996D44AB}.Release|Any CPU.ActiveCfg = Release|Any CPU
		{67D3E6F1-0A89-4DFD-A244-B24A996D44AB}.Release|Any CPU.Build.0 = Release|Any CPU
	EndGlobalSection
	GlobalSection(SolutionProperties) = preSolution
		HideSolutionNode = FALSE
	EndGlobalSection
EndGlobal
