
Microsoft Visual Studio Solution File, Format Version 12.00
# Visual Studio 15
VisualStudioVersion = 15.0.26228.9
MinimumVisualStudioVersion = 10.0.40219.1
Project("{FAE04EC0-301F-11D3-BF4B-00C04F79EFBC}") = "Task04-01", "Task04-01\Task04-01.csproj", "{8FA6C85F-9172-48EE-8C7B-89DC5793E61B}"
EndProject
Project("{FAE04EC0-301F-11D3-BF4B-00C04F79EFBC}") = "Task04-02", "Task04-02\Task04-02.csproj", "{D7B8187A-24E8-4AE5-9E38-6433EA263597}"
EndProject
Project("{FAE04EC0-301F-11D3-BF4B-00C04F79EFBC}") = "Task04-03", "Task04-03\Task04-03.csproj", "{16F3B223-753A-4EF8-9C67-A9FE4C6C9450}"
EndProject
Project("{FAE04EC0-301F-11D3-BF4B-00C04F79EFBC}") = "Task04-04", "Task04-04\Task04-04.csproj", "{6CAB35A3-E9BE-4EA1-B30E-76E039D165B4}"
EndProject
Project("{FAE04EC0-301F-11D3-BF4B-00C04F79EFBC}") = "Task04-05", "Task04-05\Task04-05.csproj", "{FB0CD3EE-6A73-480B-8E45-D1BF013B9680}"
EndProject
Project("{FAE04EC0-301F-11D3-BF4B-00C04F79EFBC}") = "Task04-06", "Task04-06\Task04-06.csproj", "{534891FD-ABD5-4DC2-8656-DC78D1BE8199}"
EndProject
Global
	GlobalSection(SolutionConfigurationPlatforms) = preSolution
		Debug|Any CPU = Debug|Any CPU
		Release|Any CPU = Release|Any CPU
	EndGlobalSection
	GlobalSection(ProjectConfigurationPlatforms) = postSolution
		{8FA6C85F-9172-48EE-8C7B-89DC5793E61B}.Debug|Any CPU.ActiveCfg = Debug|Any CPU
		{8FA6C85F-9172-48EE-8C7B-89DC5793E61B}.Debug|Any CPU.Build.0 = Debug|Any CPU
		{8FA6C85F-9172-48EE-8C7B-89DC5793E61B}.Release|Any CPU.ActiveCfg = Release|Any CPU
		{8FA6C85F-9172-48EE-8C7B-89DC5793E61B}.Release|Any CPU.Build.0 = Release|Any CPU
		{D7B8187A-24E8-4AE5-9E38-6433EA263597}.Debug|Any CPU.ActiveCfg = Debug|Any CPU
		{D7B8187A-24E8-4AE5-9E38-6433EA263597}.Debug|Any CPU.Build.0 = Debug|Any CPU
		{D7B8187A-24E8-4AE5-9E38-6433EA263597}.Release|Any CPU.ActiveCfg = Release|Any CPU
		{D7B8187A-24E8-4AE5-9E38-6433EA263597}.Release|Any CPU.Build.0 = Release|Any CPU
		{16F3B223-753A-4EF8-9C67-A9FE4C6C9450}.Debug|Any CPU.ActiveCfg = Debug|Any CPU
		{16F3B223-753A-4EF8-9C67-A9FE4C6C9450}.Debug|Any CPU.Build.0 = Debug|Any CPU
		{16F3B223-753A-4EF8-9C67-A9FE4C6C9450}.Release|Any CPU.ActiveCfg = Release|Any CPU
		{16F3B223-753A-4EF8-9C67-A9FE4C6C9450}.Release|Any CPU.Build.0 = Release|Any CPU
		{6CAB35A3-E9BE-4EA1-B30E-76E039D165B4}.Debug|Any CPU.ActiveCfg = Debug|Any CPU
		{6CAB35A3-E9BE-4EA1-B30E-76E039D165B4}.Debug|Any CPU.Build.0 = Debug|Any CPU
		{6CAB35A3-E9BE-4EA1-B30E-76E039D165B4}.Release|Any CPU.ActiveCfg = Release|Any CPU
		{6CAB35A3-E9BE-4EA1-B30E-76E039D165B4}.Release|Any CPU.Build.0 = Release|Any CPU
		{FB0CD3EE-6A73-480B-8E45-D1BF013B9680}.Debug|Any CPU.ActiveCfg = Debug|Any CPU
		{FB0CD3EE-6A73-480B-8E45-D1BF013B9680}.Debug|Any CPU.Build.0 = Debug|Any CPU
		{FB0CD3EE-6A73-480B-8E45-D1BF013B9680}.Release|Any CPU.ActiveCfg = Release|Any CPU
		{FB0CD3EE-6A73-480B-8E45-D1BF013B9680}.Release|Any CPU.Build.0 = Release|Any CPU
		{534891FD-ABD5-4DC2-8656-DC78D1BE8199}.Debug|Any CPU.ActiveCfg = Debug|Any CPU
		{534891FD-ABD5-4DC2-8656-DC78D1BE8199}.Debug|Any CPU.Build.0 = Debug|Any CPU
		{534891FD-ABD5-4DC2-8656-DC78D1BE8199}.Release|Any CPU.ActiveCfg = Release|Any CPU
		{534891FD-ABD5-4DC2-8656-DC78D1BE8199}.Release|Any CPU.Build.0 = Release|Any CPU
	EndGlobalSection
	GlobalSection(SolutionProperties) = preSolution
		HideSolutionNode = FALSE
	EndGlobalSection
EndGlobal
